<?xml version="1.0" encoding="utf-8"?>
<Project ToolsVersion="4.0" xmlns="http://schemas.microsoft.com/developer/msbuild/2003">
  <ItemGroup>
    <Filter Include="Source Files">
      <UniqueIdentifier>{4FC737F1-C7A5-4376-A066-2A32D752A2FF}</UniqueIdentifier>
      <Extensions>cpp;c;cc;cxx;c++;def;odl;idl;hpj;bat;asm;asmx</Extensions>
    </Filter>
    <Filter Include="Header Files">
      <UniqueIdentifier>{93995380-89BD-4b04-88EB-625FBE52EBFB}</UniqueIdentifier>
      <Extensions>h;hh;hpp;hxx;h++;hm;inl;inc;ipp;xsd</Extensions>
    </Filter>
    <Filter Include="Resource Files">
      <UniqueIdentifier>{67DA6AB6-F800-4c08-8B7A-83BB121AAD01}</UniqueIdentifier>
      <Extensions>rc;ico;cur;bmp;dlg;rc2;rct;bin;rgs;gif;jpg;jpeg;jpe;resx;tiff;tif;png;wav;mfcribbon-ms</Extensions>
    </Filter>
  </ItemGroup>
  <ItemGroup>
    <ClCompile Include="src\Main.cpp">
      <Filter>Source Files</Filter>
    </ClCompile>
    <ClCompile Include="src\glad.c">
      <Filter>Source Files</Filter>
    </ClCompile>
    <ClCompile Include="src\Cube.cpp">
      <Filter>Source Files</Filter>
    </ClCompile>
    <ClCompile Include="src\SceneNode.cpp">
      <Filter>Source Files</Filter>
    </ClCompile>
    <ClCompile Include="src\Model.cpp">
      <Filter>Source Files</Filter>
    </ClCompile>
    <ClCompile Include="src\Grid.cpp">
      <Filter>Source Files</Filter>
    </ClCompile>
    <ClCompile Include="src\Drawable.cpp">
      <Filter>Source Files</Filter>
    </ClCompile>
    <ClCompile Include="src\stb_image.cpp">
      <Filter>Source Files</Filter>
    </ClCompile>
    <ClCompile Include="src\Renderer.cpp">
      <Filter>Source Files</Filter>
    </ClCompile>
    <ClCompile Include="src\RubikCube.cpp">
      <Filter>Source Files</Filter>
    </ClCompile>
    <ClCompile Include="src\ParticleEffect.cpp">
      <Filter>Source Files</Filter>
    </ClCompile>
    <ClCompile Include="src\ParticleEmitter.cpp">
      <Filter>Source Files</Filter>
    </ClCompile>
    <ClCompile Include="src\Timer.cpp">
      <Filter>Source Files</Filter>
    </ClCompile>
    <ClCompile Include="src\TimexCube.cpp">
      <Filter>Source Files</Filter>
    </ClCompile>
    <ClCompile Include="src\DecorativeCubes.cpp">
      <Filter>Source Files</Filter>
    </ClCompile>
  </ItemGroup>
  <ItemGroup>
    <None Include="shaders\shadow.vs" />
    <None Include="shaders\shadow.fs" />
    <None Include="shaders\shadow.gs" />
    <None Include="shaders\generic.vs" />
    <None Include="shaders\generic.fs" />
    <None Include="shaders\lightingMaterial.vs" />
    <None Include="shaders\lightingMaterial.fs" />
    <None Include="shaders\lightingTexture.fs" />
    <None Include="shaders\lightingTexture.vs" />
    <None Include="irrKlang.dll" />
    <None Include="ikpMP3.dll" />
  </ItemGroup>
  <ItemGroup>
    <Image Include="textures\awesomeface.png">
      <Filter>Resource Files</Filter>
    </Image>
    <Image Include="textures\container.jpg">
      <Filter>Resource Files</Filter>
    </Image>
    <Image Include="textures\kappa.png">
      <Filter>Resource Files</Filter>
    </Image>
    <Image Include="res\tile.jpg">
      <Filter>Resource Files</Filter>
    </Image>
    <Image Include="res\wood.jpg">
      <Filter>Resource Files</Filter>
    </Image>
    <Image Include="res\floor.jpg">
      <Filter>Resource Files</Filter>
    </Image>
    <Image Include="res\circle.jpg">
      <Filter>Resource Files</Filter>
    </Image>
    <Image Include="res\heart.jpg">
      <Filter>Resource Files</Filter>
    </Image>
    <Image Include="res\pentagon.jpg">
      <Filter>Resource Files</Filter>
    </Image>
    <Image Include="res\square.jpg">
      <Filter>Resource Files</Filter>
    </Image>
    <Image Include="res\star.jpg">
      <Filter>Resource Files</Filter>
    </Image>
    <Image Include="res\triangle.jpg">
      <Filter>Resource Files</Filter>
    </Image>
    <Image Include="res\jigsaw1.jpg">
      <Filter>Resource Files</Filter>
    </Image>
    <Image Include="res\jigsaw2.jpg">
      <Filter>Resource Files</Filter>
    </Image>
    <Image Include="res\jigsaw3.jpg">
      <Filter>Resource Files</Filter>
    </Image>
    <Image Include="res\jigsaw4.jpg">
      <Filter>Resource Files</Filter>
    </Image>
    <Image Include="res\jigsaw5.jpg">
      <Filter>Resource Files</Filter>
    </Image>
    <Image Include="res\jigsaw6.jpg">
      <Filter>Resource Files</Filter>
    </Image>
  </ItemGroup>
  <ItemGroup>
    <ClInclude Include="src\Cube.h">
      <Filter>Header Files</Filter>
    </ClInclude>
    <ClInclude Include="src\SceneNode.h">
      <Filter>Header Files</Filter>
    </ClInclude>
    <ClInclude Include="src\Model.h">
      <Filter>Header Files</Filter>
    </ClInclude>
    <ClInclude Include="src\Grid.h">
      <Filter>Header Files</Filter>
    </ClInclude>
    <ClInclude Include="src\Drawable.h">
      <Filter>Header Files</Filter>
    </ClInclude>
    <ClInclude Include="src\TextureLoader.h">
      <Filter>Header Files</Filter>
    </ClInclude>
    <ClInclude Include="src\Camera.h">
      <Filter>Header Files</Filter>
    </ClInclude>
    <ClInclude Include="src\Renderer.h">
      <Filter>Header Files</Filter>
    </ClInclude>
    <ClInclude Include="src\Shader.h">
      <Filter>Header Files</Filter>
    </ClInclude>
    <ClInclude Include="src\GroupNode.h">
      <Filter>Header Files</Filter>
    </ClInclude>
    <ClInclude Include="src\DrawNode.h">
      <Filter>Header Files</Filter>
    </ClInclude>
    <ClInclude Include="src\LightNode.h">
      <Filter>Header Files</Filter>
    </ClInclude>
    <ClInclude Include="src\RubikCube.h">
      <Filter>Header Files</Filter>
    </ClInclude>
    <ClInclude Include="src\Quad.h">
      <Filter>Header Files</Filter>
    </ClInclude>
    <ClInclude Include="src\Particle.h">
      <Filter>Header Files</Filter>
    </ClInclude>
    <ClInclude Include="src\ParticleEffect.h">
      <Filter>Header Files</Filter>
    </ClInclude>
    <ClInclude Include="src\ParticleEmitter.h">
      <Filter>Header Files</Filter>
    </ClInclude>
    <ClInclude Include="src\Random.h">
      <Filter>Header Files</Filter>
    </ClInclude>
    <ClInclude Include="src\RubikCubeColors.h">
      <Filter>Header Files</Filter>
    </ClInclude>
    <ClInclude Include="src\RubikCubeParticles.h">
      <Filter>Header Files</Filter>
    </ClInclude>
    <ClInclude Include="src\DecorativeCubes.h">
      <Filter>Header Files</Filter>
    </ClInclude>
    <ClInclude Include="src\Timer.h">
      <Filter>Header Files</Filter>
    </ClInclude>
    <ClInclude Include="src\RubikCubeTextures.h">
      <Filter>Header Files</Filter>
    </ClInclude>
    <ClInclude Include="src\RubikCubeJigsaw.h">
      <Filter>Header Files</Filter>
    </ClInclude>
    <ClInclude Include="src\Pyramid.h">
      <Filter>Header Files</Filter>
    </ClInclude>
  </ItemGroup>
  <ItemGroup>
    <Media Include="audio\gameSong.mp3" />
    <Media Include="audio\turn.mp3" />
  </ItemGroup>
</Project>